
Microsoft Visual Studio Solution File, Format Version 12.00
# Visual Studio Version 16
VisualStudioVersion = 16.0.31729.503
MinimumVisualStudioVersion = 10.0.40219.1
Project("{8BC9CEB8-8B4A-11D0-8D11-00A0C91BC942}") = "Chapter 0", "Chapter 0\Chapter 0.vcxproj", "{E5872216-848C-493A-8992-6122C1898CA8}"
EndProject
Project("{8BC9CEB8-8B4A-11D0-8D11-00A0C91BC942}") = "Chapter 1", "Chapter 1\Chapter 1.vcxproj", "{94D2A5B6-A0D1-4B59-ACE4-AD02B0B156D5}"
EndProject
Project("{8BC9CEB8-8B4A-11D0-8D11-00A0C91BC942}") = "Chapter 2", "Chapter 2\Chapter 2.vcxproj", "{A7A0C8E0-3A93-468E-B398-C6CBC565ECD0}"
EndProject
Project("{8BC9CEB8-8B4A-11D0-8D11-00A0C91BC942}") = "Chapter 3", "Chapter 3\Chapter 3.vcxproj", "{1B07BB32-37DD-49DE-A54A-EF434C2D0B7E}"
EndProject
Global
	GlobalSection(SolutionConfigurationPlatforms) = preSolution
		Debug|x64 = Debug|x64
		Debug|x86 = Debug|x86
		Release|x64 = Release|x64
		Release|x86 = Release|x86
	EndGlobalSection
	GlobalSection(ProjectConfigurationPlatforms) = postSolution
		{E5872216-848C-493A-8992-6122C1898CA8}.Debug|x64.ActiveCfg = Debug|x64
		{E5872216-848C-493A-8992-6122C1898CA8}.Debug|x64.Build.0 = Debug|x64
		{E5872216-848C-493A-8992-6122C1898CA8}.Debug|x86.ActiveCfg = Debug|Win32
		{E5872216-848C-493A-8992-6122C1898CA8}.Debug|x86.Build.0 = Debug|Win32
		{E5872216-848C-493A-8992-6122C1898CA8}.Release|x64.ActiveCfg = Release|x64
		{E5872216-848C-493A-8992-6122C1898CA8}.Release|x64.Build.0 = Release|x64
		{E5872216-848C-493A-8992-6122C1898CA8}.Release|x86.ActiveCfg = Release|Win32
		{E5872216-848C-493A-8992-6122C1898CA8}.Release|x86.Build.0 = Release|Win32
		{94D2A5B6-A0D1-4B59-ACE4-AD02B0B156D5}.Debug|x64.ActiveCfg = Debug|x64
		{94D2A5B6-A0D1-4B59-ACE4-AD02B0B156D5}.Debug|x64.Build.0 = Debug|x64
		{94D2A5B6-A0D1-4B59-ACE4-AD02B0B156D5}.Debug|x86.ActiveCfg = Debug|Win32
		{94D2A5B6-A0D1-4B59-ACE4-AD02B0B156D5}.Debug|x86.Build.0 = Debug|Win32
		{94D2A5B6-A0D1-4B59-ACE4-AD02B0B156D5}.Release|x64.ActiveCfg = Release|x64
		{94D2A5B6-A0D1-4B59-ACE4-AD02B0B156D5}.Release|x64.Build.0 = Release|x64
		{94D2A5B6-A0D1-4B59-ACE4-AD02B0B156D5}.Release|x86.ActiveCfg = Release|Win32
		{94D2A5B6-A0D1-4B59-ACE4-AD02B0B156D5}.Release|x86.Build.0 = Release|Win32
		{A7A0C8E0-3A93-468E-B398-C6CBC565ECD0}.Debug|x64.ActiveCfg = Debug|x64
		{A7A0C8E0-3A93-468E-B398-C6CBC565ECD0}.Debug|x64.Build.0 = Debug|x64
		{A7A0C8E0-3A93-468E-B398-C6CBC565ECD0}.Debug|x86.ActiveCfg = Debug|Win32
		{A7A0C8E0-3A93-468E-B398-C6CBC565ECD0}.Debug|x86.Build.0 = Debug|Win32
		{A7A0C8E0-3A93-468E-B398-C6CBC565ECD0}.Release|x64.ActiveCfg = Release|x64
		{A7A0C8E0-3A93-468E-B398-C6CBC565ECD0}.Release|x64.Build.0 = Release|x64
		{A7A0C8E0-3A93-468E-B398-C6CBC565ECD0}.Release|x86.ActiveCfg = Release|Win32
		{A7A0C8E0-3A93-468E-B398-C6CBC565ECD0}.Release|x86.Build.0 = Release|Win32
		{1B07BB32-37DD-49DE-A54A-EF434C2D0B7E}.Debug|x64.ActiveCfg = Debug|x64
		{1B07BB32-37DD-49DE-A54A-EF434C2D0B7E}.Debug|x64.Build.0 = Debug|x64
		{1B07BB32-37DD-49DE-A54A-EF434C2D0B7E}.Debug|x86.ActiveCfg = Debug|Win32
		{1B07BB32-37DD-49DE-A54A-EF434C2D0B7E}.Debug|x86.Build.0 = Debug|Win32
		{1B07BB32-37DD-49DE-A54A-EF434C2D0B7E}.Release|x64.ActiveCfg = Release|x64
		{1B07BB32-37DD-49DE-A54A-EF434C2D0B7E}.Release|x64.Build.0 = Release|x64
		{1B07BB32-37DD-49DE-A54A-EF434C2D0B7E}.Release|x86.ActiveCfg = Release|Win32
		{1B07BB32-37DD-49DE-A54A-EF434C2D0B7E}.Release|x86.Build.0 = Release|Win32
	EndGlobalSection
	GlobalSection(SolutionProperties) = preSolution
		HideSolutionNode = FALSE
	EndGlobalSection
	GlobalSection(ExtensibilityGlobals) = postSolution
		SolutionGuid = {856353B2-2D52-46CE-80FB-80B052172A05}
	EndGlobalSection
EndGlobal
